
Microsoft Visual Studio Solution File, Format Version 12.00
# Visual Studio Version 17
VisualStudioVersion = 17.0.31919.166
MinimumVisualStudioVersion = 10.0.40219.1
Project("{9A19103F-16F7-4668-BE54-9A1E7A4F7556}") = "Lucca", "Lucca\Lucca.csproj", "{BB0FBD68-2B74-4178-B6EE-12EE18C21359}"
	ProjectSection(ProjectDependencies) = postProject
		{D31F8414-BDD8-45CD-A984-CE4685BD7385} = {D31F8414-BDD8-45CD-A984-CE4685BD7385}
	EndProjectSection
EndProject
Project("{9A19103F-16F7-4668-BE54-9A1E7A4F7556}") = "Lucca.Business", "Lucca.Business\Lucca.Business.csproj", "{DE4DF98C-B95D-4044-80D5-600DBBC9C533}"
EndProject
Project("{9A19103F-16F7-4668-BE54-9A1E7A4F7556}") = "Lucca.Common", "Lucca.Common\Lucca.Common.csproj", "{96A56CCE-3C3E-4AB0-9A81-EFEA5BF98AFC}"
EndProject
Project("{9A19103F-16F7-4668-BE54-9A1E7A4F7556}") = "Lucca.DAL", "Lucca.DAL\Lucca.DAL.csproj", "{94A2CDF8-0B06-49D5-B5CD-B1B615100D21}"
EndProject
Project("{9A19103F-16F7-4668-BE54-9A1E7A4F7556}") = "TestProject", "TestProject\TestProject.csproj", "{D31F8414-BDD8-45CD-A984-CE4685BD7385}"
EndProject
Global
	GlobalSection(SolutionConfigurationPlatforms) = preSolution
		Debug|Any CPU = Debug|Any CPU
		Release|Any CPU = Release|Any CPU
	EndGlobalSection
	GlobalSection(ProjectConfigurationPlatforms) = postSolution
		{BB0FBD68-2B74-4178-B6EE-12EE18C21359}.Debug|Any CPU.ActiveCfg = Debug|Any CPU
		{BB0FBD68-2B74-4178-B6EE-12EE18C21359}.Debug|Any CPU.Build.0 = Debug|Any CPU
		{BB0FBD68-2B74-4178-B6EE-12EE18C21359}.Release|Any CPU.ActiveCfg = Release|Any CPU
		{BB0FBD68-2B74-4178-B6EE-12EE18C21359}.Release|Any CPU.Build.0 = Release|Any CPU
		{DE4DF98C-B95D-4044-80D5-600DBBC9C533}.Debug|Any CPU.ActiveCfg = Debug|Any CPU
		{DE4DF98C-B95D-4044-80D5-600DBBC9C533}.Debug|Any CPU.Build.0 = Debug|Any CPU
		{DE4DF98C-B95D-4044-80D5-600DBBC9C533}.Release|Any CPU.ActiveCfg = Release|Any CPU
		{DE4DF98C-B95D-4044-80D5-600DBBC9C533}.Release|Any CPU.Build.0 = Release|Any CPU
		{96A56CCE-3C3E-4AB0-9A81-EFEA5BF98AFC}.Debug|Any CPU.ActiveCfg = Debug|Any CPU
		{96A56CCE-3C3E-4AB0-9A81-EFEA5BF98AFC}.Debug|Any CPU.Build.0 = Debug|Any CPU
		{96A56CCE-3C3E-4AB0-9A81-EFEA5BF98AFC}.Release|Any CPU.ActiveCfg = Release|Any CPU
		{96A56CCE-3C3E-4AB0-9A81-EFEA5BF98AFC}.Release|Any CPU.Build.0 = Release|Any CPU
		{94A2CDF8-0B06-49D5-B5CD-B1B615100D21}.Debug|Any CPU.ActiveCfg = Debug|Any CPU
		{94A2CDF8-0B06-49D5-B5CD-B1B615100D21}.Debug|Any CPU.Build.0 = Debug|Any CPU
		{94A2CDF8-0B06-49D5-B5CD-B1B615100D21}.Release|Any CPU.ActiveCfg = Release|Any CPU
		{94A2CDF8-0B06-49D5-B5CD-B1B615100D21}.Release|Any CPU.Build.0 = Release|Any CPU
		{D31F8414-BDD8-45CD-A984-CE4685BD7385}.Debug|Any CPU.ActiveCfg = Debug|Any CPU
		{D31F8414-BDD8-45CD-A984-CE4685BD7385}.Debug|Any CPU.Build.0 = Debug|Any CPU
		{D31F8414-BDD8-45CD-A984-CE4685BD7385}.Release|Any CPU.ActiveCfg = Release|Any CPU
		{D31F8414-BDD8-45CD-A984-CE4685BD7385}.Release|Any CPU.Build.0 = Release|Any CPU
	EndGlobalSection
	GlobalSection(SolutionProperties) = preSolution
		HideSolutionNode = FALSE
	EndGlobalSection
	GlobalSection(ExtensibilityGlobals) = postSolution
		SolutionGuid = {E1B7B3E4-9B24-4FBA-9933-8528A7DAF94D}
	EndGlobalSection
EndGlobal
